
Microsoft Visual Studio Solution File, Format Version 12.00
# Visual Studio Version 17
VisualStudioVersion = 17.6.33717.318
MinimumVisualStudioVersion = 10.0.40219.1
Project("{9A19103F-16F7-4668-BE54-9A1E7A4F7556}") = "Models", "Models\Models.csproj", "{5911E395-DAD2-44AF-9385-D97DA4FA8D66}"
EndProject
Project("{9A19103F-16F7-4668-BE54-9A1E7A4F7556}") = "AppLogic", "AppLogic\AppLogic.csproj", "{6DE1CC16-0364-4A9A-B30F-9B5273C268A5}"
EndProject
Project("{9A19103F-16F7-4668-BE54-9A1E7A4F7556}") = "API", "API\API.csproj", "{BFB2581A-F71F-4AAA-805F-491E8865705A}"
EndProject
Project("{9A19103F-16F7-4668-BE54-9A1E7A4F7556}") = "DataBase", "Data Base\DataBase.csproj", "{789D92F2-38F9-4264-9FC1-AA0D2A7D8D44}"
EndProject
Project("{9A19103F-16F7-4668-BE54-9A1E7A4F7556}") = "App", "App\App.csproj", "{82631718-AA0B-4A5A-9260-EB874B420783}"
EndProject
Global
	GlobalSection(SolutionConfigurationPlatforms) = preSolution
		Debug|Any CPU = Debug|Any CPU
		Debug|ARM = Debug|ARM
		Debug|ARM64 = Debug|ARM64
		Debug|x64 = Debug|x64
		Debug|x86 = Debug|x86
		Release|Any CPU = Release|Any CPU
		Release|ARM = Release|ARM
		Release|ARM64 = Release|ARM64
		Release|x64 = Release|x64
		Release|x86 = Release|x86
	EndGlobalSection
	GlobalSection(ProjectConfigurationPlatforms) = postSolution
		{5911E395-DAD2-44AF-9385-D97DA4FA8D66}.Debug|Any CPU.ActiveCfg = Debug|Any CPU
		{5911E395-DAD2-44AF-9385-D97DA4FA8D66}.Debug|Any CPU.Build.0 = Debug|Any CPU
		{5911E395-DAD2-44AF-9385-D97DA4FA8D66}.Debug|ARM.ActiveCfg = Debug|Any CPU
		{5911E395-DAD2-44AF-9385-D97DA4FA8D66}.Debug|ARM.Build.0 = Debug|Any CPU
		{5911E395-DAD2-44AF-9385-D97DA4FA8D66}.Debug|ARM64.ActiveCfg = Debug|Any CPU
		{5911E395-DAD2-44AF-9385-D97DA4FA8D66}.Debug|ARM64.Build.0 = Debug|Any CPU
		{5911E395-DAD2-44AF-9385-D97DA4FA8D66}.Debug|x64.ActiveCfg = Debug|Any CPU
		{5911E395-DAD2-44AF-9385-D97DA4FA8D66}.Debug|x64.Build.0 = Debug|Any CPU
		{5911E395-DAD2-44AF-9385-D97DA4FA8D66}.Debug|x86.ActiveCfg = Debug|Any CPU
		{5911E395-DAD2-44AF-9385-D97DA4FA8D66}.Debug|x86.Build.0 = Debug|Any CPU
		{5911E395-DAD2-44AF-9385-D97DA4FA8D66}.Release|Any CPU.ActiveCfg = Release|Any CPU
		{5911E395-DAD2-44AF-9385-D97DA4FA8D66}.Release|Any CPU.Build.0 = Release|Any CPU
		{5911E395-DAD2-44AF-9385-D97DA4FA8D66}.Release|ARM.ActiveCfg = Release|Any CPU
		{5911E395-DAD2-44AF-9385-D97DA4FA8D66}.Release|ARM.Build.0 = Release|Any CPU
		{5911E395-DAD2-44AF-9385-D97DA4FA8D66}.Release|ARM64.ActiveCfg = Release|Any CPU
		{5911E395-DAD2-44AF-9385-D97DA4FA8D66}.Release|ARM64.Build.0 = Release|Any CPU
		{5911E395-DAD2-44AF-9385-D97DA4FA8D66}.Release|x64.ActiveCfg = Release|Any CPU
		{5911E395-DAD2-44AF-9385-D97DA4FA8D66}.Release|x64.Build.0 = Release|Any CPU
		{5911E395-DAD2-44AF-9385-D97DA4FA8D66}.Release|x86.ActiveCfg = Release|Any CPU
		{5911E395-DAD2-44AF-9385-D97DA4FA8D66}.Release|x86.Build.0 = Release|Any CPU
		{6DE1CC16-0364-4A9A-B30F-9B5273C268A5}.Debug|Any CPU.ActiveCfg = Debug|Any CPU
		{6DE1CC16-0364-4A9A-B30F-9B5273C268A5}.Debug|Any CPU.Build.0 = Debug|Any CPU
		{6DE1CC16-0364-4A9A-B30F-9B5273C268A5}.Debug|ARM.ActiveCfg = Debug|Any CPU
		{6DE1CC16-0364-4A9A-B30F-9B5273C268A5}.Debug|ARM.Build.0 = Debug|Any CPU
		{6DE1CC16-0364-4A9A-B30F-9B5273C268A5}.Debug|ARM64.ActiveCfg = Debug|Any CPU
		{6DE1CC16-0364-4A9A-B30F-9B5273C268A5}.Debug|ARM64.Build.0 = Debug|Any CPU
		{6DE1CC16-0364-4A9A-B30F-9B5273C268A5}.Debug|x64.ActiveCfg = Debug|Any CPU
		{6DE1CC16-0364-4A9A-B30F-9B5273C268A5}.Debug|x64.Build.0 = Debug|Any CPU
		{6DE1CC16-0364-4A9A-B30F-9B5273C268A5}.Debug|x86.ActiveCfg = Debug|Any CPU
		{6DE1CC16-0364-4A9A-B30F-9B5273C268A5}.Debug|x86.Build.0 = Debug|Any CPU
		{6DE1CC16-0364-4A9A-B30F-9B5273C268A5}.Release|Any CPU.ActiveCfg = Release|Any CPU
		{6DE1CC16-0364-4A9A-B30F-9B5273C268A5}.Release|Any CPU.Build.0 = Release|Any CPU
		{6DE1CC16-0364-4A9A-B30F-9B5273C268A5}.Release|ARM.ActiveCfg = Release|Any CPU
		{6DE1CC16-0364-4A9A-B30F-9B5273C268A5}.Release|ARM.Build.0 = Release|Any CPU
		{6DE1CC16-0364-4A9A-B30F-9B5273C268A5}.Release|ARM64.ActiveCfg = Release|Any CPU
		{6DE1CC16-0364-4A9A-B30F-9B5273C268A5}.Release|ARM64.Build.0 = Release|Any CPU
		{6DE1CC16-0364-4A9A-B30F-9B5273C268A5}.Release|x64.ActiveCfg = Release|Any CPU
		{6DE1CC16-0364-4A9A-B30F-9B5273C268A5}.Release|x64.Build.0 = Release|Any CPU
		{6DE1CC16-0364-4A9A-B30F-9B5273C268A5}.Release|x86.ActiveCfg = Release|Any CPU
		{6DE1CC16-0364-4A9A-B30F-9B5273C268A5}.Release|x86.Build.0 = Release|Any CPU
		{BFB2581A-F71F-4AAA-805F-491E8865705A}.Debug|Any CPU.ActiveCfg = Debug|Any CPU
		{BFB2581A-F71F-4AAA-805F-491E8865705A}.Debug|Any CPU.Build.0 = Debug|Any CPU
		{BFB2581A-F71F-4AAA-805F-491E8865705A}.Debug|ARM.ActiveCfg = Debug|Any CPU
		{BFB2581A-F71F-4AAA-805F-491E8865705A}.Debug|ARM.Build.0 = Debug|Any CPU
		{BFB2581A-F71F-4AAA-805F-491E8865705A}.Debug|ARM64.ActiveCfg = Debug|Any CPU
		{BFB2581A-F71F-4AAA-805F-491E8865705A}.Debug|ARM64.Build.0 = Debug|Any CPU
		{BFB2581A-F71F-4AAA-805F-491E8865705A}.Debug|x64.ActiveCfg = Debug|Any CPU
		{BFB2581A-F71F-4AAA-805F-491E8865705A}.Debug|x64.Build.0 = Debug|Any CPU
		{BFB2581A-F71F-4AAA-805F-491E8865705A}.Debug|x86.ActiveCfg = Debug|Any CPU
		{BFB2581A-F71F-4AAA-805F-491E8865705A}.Debug|x86.Build.0 = Debug|Any CPU
		{BFB2581A-F71F-4AAA-805F-491E8865705A}.Release|Any CPU.ActiveCfg = Release|Any CPU
		{BFB2581A-F71F-4AAA-805F-491E8865705A}.Release|Any CPU.Build.0 = Release|Any CPU
		{BFB2581A-F71F-4AAA-805F-491E8865705A}.Release|ARM.ActiveCfg = Release|Any CPU
		{BFB2581A-F71F-4AAA-805F-491E8865705A}.Release|ARM.Build.0 = Release|Any CPU
		{BFB2581A-F71F-4AAA-805F-491E8865705A}.Release|ARM64.ActiveCfg = Release|Any CPU
		{BFB2581A-F71F-4AAA-805F-491E8865705A}.Release|ARM64.Build.0 = Release|Any CPU
		{BFB2581A-F71F-4AAA-805F-491E8865705A}.Release|x64.ActiveCfg = Release|Any CPU
		{BFB2581A-F71F-4AAA-805F-491E8865705A}.Release|x64.Build.0 = Release|Any CPU
		{BFB2581A-F71F-4AAA-805F-491E8865705A}.Release|x86.ActiveCfg = Release|Any CPU
		{BFB2581A-F71F-4AAA-805F-491E8865705A}.Release|x86.Build.0 = Release|Any CPU
		{789D92F2-38F9-4264-9FC1-AA0D2A7D8D44}.Debug|Any CPU.ActiveCfg = Debug|Any CPU
		{789D92F2-38F9-4264-9FC1-AA0D2A7D8D44}.Debug|Any CPU.Build.0 = Debug|Any CPU
		{789D92F2-38F9-4264-9FC1-AA0D2A7D8D44}.Debug|ARM.ActiveCfg = Debug|Any CPU
		{789D92F2-38F9-4264-9FC1-AA0D2A7D8D44}.Debug|ARM.Build.0 = Debug|Any CPU
		{789D92F2-38F9-4264-9FC1-AA0D2A7D8D44}.Debug|ARM64.ActiveCfg = Debug|Any CPU
		{789D92F2-38F9-4264-9FC1-AA0D2A7D8D44}.Debug|ARM64.Build.0 = Debug|Any CPU
		{789D92F2-38F9-4264-9FC1-AA0D2A7D8D44}.Debug|x64.ActiveCfg = Debug|Any CPU
		{789D92F2-38F9-4264-9FC1-AA0D2A7D8D44}.Debug|x64.Build.0 = Debug|Any CPU
		{789D92F2-38F9-4264-9FC1-AA0D2A7D8D44}.Debug|x86.ActiveCfg = Debug|Any CPU
		{789D92F2-38F9-4264-9FC1-AA0D2A7D8D44}.Debug|x86.Build.0 = Debug|Any CPU
		{789D92F2-38F9-4264-9FC1-AA0D2A7D8D44}.Release|Any CPU.ActiveCfg = Release|Any CPU
		{789D92F2-38F9-4264-9FC1-AA0D2A7D8D44}.Release|Any CPU.Build.0 = Release|Any CPU
		{789D92F2-38F9-4264-9FC1-AA0D2A7D8D44}.Release|ARM.ActiveCfg = Release|Any CPU
		{789D92F2-38F9-4264-9FC1-AA0D2A7D8D44}.Release|ARM.Build.0 = Release|Any CPU
		{789D92F2-38F9-4264-9FC1-AA0D2A7D8D44}.Release|ARM64.ActiveCfg = Release|Any CPU
		{789D92F2-38F9-4264-9FC1-AA0D2A7D8D44}.Release|ARM64.Build.0 = Release|Any CPU
		{789D92F2-38F9-4264-9FC1-AA0D2A7D8D44}.Release|x64.ActiveCfg = Release|Any CPU
		{789D92F2-38F9-4264-9FC1-AA0D2A7D8D44}.Release|x64.Build.0 = Release|Any CPU
		{789D92F2-38F9-4264-9FC1-AA0D2A7D8D44}.Release|x86.ActiveCfg = Release|Any CPU
		{789D92F2-38F9-4264-9FC1-AA0D2A7D8D44}.Release|x86.Build.0 = Release|Any CPU
		{82631718-AA0B-4A5A-9260-EB874B420783}.Debug|Any CPU.ActiveCfg = Debug|Any CPU
		{82631718-AA0B-4A5A-9260-EB874B420783}.Debug|Any CPU.Build.0 = Debug|Any CPU
		{82631718-AA0B-4A5A-9260-EB874B420783}.Debug|ARM.ActiveCfg = Debug|Any CPU
		{82631718-AA0B-4A5A-9260-EB874B420783}.Debug|ARM.Build.0 = Debug|Any CPU
		{82631718-AA0B-4A5A-9260-EB874B420783}.Debug|ARM64.ActiveCfg = Debug|Any CPU
		{82631718-AA0B-4A5A-9260-EB874B420783}.Debug|ARM64.Build.0 = Debug|Any CPU
		{82631718-AA0B-4A5A-9260-EB874B420783}.Debug|x64.ActiveCfg = Debug|Any CPU
		{82631718-AA0B-4A5A-9260-EB874B420783}.Debug|x64.Build.0 = Debug|Any CPU
		{82631718-AA0B-4A5A-9260-EB874B420783}.Debug|x86.ActiveCfg = Debug|Any CPU
		{82631718-AA0B-4A5A-9260-EB874B420783}.Debug|x86.Build.0 = Debug|Any CPU
		{82631718-AA0B-4A5A-9260-EB874B420783}.Release|Any CPU.ActiveCfg = Release|Any CPU
		{82631718-AA0B-4A5A-9260-EB874B420783}.Release|Any CPU.Build.0 = Release|Any CPU
		{82631718-AA0B-4A5A-9260-EB874B420783}.Release|ARM.ActiveCfg = Release|Any CPU
		{82631718-AA0B-4A5A-9260-EB874B420783}.Release|ARM.Build.0 = Release|Any CPU
		{82631718-AA0B-4A5A-9260-EB874B420783}.Release|ARM64.ActiveCfg = Release|Any CPU
		{82631718-AA0B-4A5A-9260-EB874B420783}.Release|ARM64.Build.0 = Release|Any CPU
		{82631718-AA0B-4A5A-9260-EB874B420783}.Release|x64.ActiveCfg = Release|Any CPU
		{82631718-AA0B-4A5A-9260-EB874B420783}.Release|x64.Build.0 = Release|Any CPU
		{82631718-AA0B-4A5A-9260-EB874B420783}.Release|x86.ActiveCfg = Release|Any CPU
		{82631718-AA0B-4A5A-9260-EB874B420783}.Release|x86.Build.0 = Release|Any CPU
	EndGlobalSection
	GlobalSection(SolutionProperties) = preSolution
		HideSolutionNode = FALSE
	EndGlobalSection
	GlobalSection(ExtensibilityGlobals) = postSolution
		SolutionGuid = {1CC85141-0807-4933-A8D4-032E76851F0F}
	EndGlobalSection
EndGlobal
